// !$*UTF8*$!
{
	archiveVersion = 1;
	classes = {
	};
	objectVersion = 46;
	objects = {

/* Begin PBXBuildFile section */
		52DD8DD6194F539A0027F612 /* Foundation.framework in Frameworks */ = {isa = PBXBuildFile; fileRef = 52DD8DD5194F539A0027F612 /* Foundation.framework */; };
		52DD8DD8194F539A0027F612 /* CoreGraphics.framework in Frameworks */ = {isa = PBXBuildFile; fileRef = 52DD8DD7194F539A0027F612 /* CoreGraphics.framework */; };
		52DD8DDA194F539A0027F612 /* UIKit.framework in Frameworks */ = {isa = PBXBuildFile; fileRef = 52DD8DD9194F539A0027F612 /* UIKit.framework */; };
		52DD8DE0194F539A0027F612 /* InfoPlist.strings in Resources */ = {isa = PBXBuildFile; fileRef = 52DD8DDE194F539A0027F612 /* InfoPlist.strings */; };
		52DD8DE2194F539A0027F612 /* main.m in Sources */ = {isa = PBXBuildFile; fileRef = 52DD8DE1194F539A0027F612 /* main.m */; };
		52DD8DE6194F539A0027F612 /* CSAppDelegate.m in Sources */ = {isa = PBXBuildFile; fileRef = 52DD8DE5194F539A0027F612 /* CSAppDelegate.m */; };
		52DD8DE9194F539A0027F612 /* Main.storyboard in Resources */ = {isa = PBXBuildFile; fileRef = 52DD8DE7194F539A0027F612 /* Main.storyboard */; };
		52DD8DEC194F539A0027F612 /* CSViewController.m in Sources */ = {isa = PBXBuildFile; fileRef = 52DD8DEB194F539A0027F612 /* CSViewController.m */; };
		52DD8DEE194F539A0027F612 /* Images.xcassets in Resources */ = {isa = PBXBuildFile; fileRef = 52DD8DED194F539A0027F612 /* Images.xcassets */; };
		52DD8DF5194F539A0027F612 /* XCTest.framework in Frameworks */ = {isa = PBXBuildFile; fileRef = 52DD8DF4194F539A0027F612 /* XCTest.framework */; };
		52DD8DF6194F539A0027F612 /* Foundation.framework in Frameworks */ = {isa = PBXBuildFile; fileRef = 52DD8DD5194F539A0027F612 /* Foundation.framework */; };
		52DD8DF7194F539A0027F612 /* UIKit.framework in Frameworks */ = {isa = PBXBuildFile; fileRef = 52DD8DD9194F539A0027F612 /* UIKit.framework */; };
		52DD8DFF194F539A0027F612 /* InfoPlist.strings in Resources */ = {isa = PBXBuildFile; fileRef = 52DD8DFD194F539A0027F612 /* InfoPlist.strings */; };
		52DD8E01194F539A0027F612 /* UITableViewController_Challenge_SolutionTests.m in Sources */ = {isa = PBXBuildFile; fileRef = 52DD8E00194F539A0027F612 /* UITableViewController_Challenge_SolutionTests.m */; };
/* End PBXBuildFile section */

/* Begin PBXContainerItemProxy section */
		52DD8DF8194F539A0027F612 /* PBXContainerItemProxy */ = {
			isa = PBXContainerItemProxy;
			containerPortal = 52DD8DCA194F539A0027F612 /* Project object */;
			proxyType = 1;
			remoteGlobalIDString = 52DD8DD1194F539A0027F612;
			remoteInfo = "UITableViewController Challenge Solution";
		};
/* End PBXContainerItemProxy section */

/* Begin PBXFileReference section */
		52DD8DD2194F539A0027F612 /* UITableViewController Challenge Solution.app */ = {isa = PBXFileReference; explicitFileType = wrapper.application; includeInIndex = 0; path = "UITableViewController Challenge Solution.app"; sourceTree = BUILT_PRODUCTS_DIR; };
		52DD8DD5194F539A0027F612 /* Foundation.framework */ = {isa = PBXFileReference; lastKnownFileType = wrapper.framework; name = Foundation.framework; path = System/Library/Frameworks/Foundation.framework; sourceTree = SDKROOT; };
		52DD8DD7194F539A0027F612 /* CoreGraphics.framework */ = {isa = PBXFileReference; lastKnownFileType = wrapper.framework; name = CoreGraphics.framework; path = System/Library/Frameworks/CoreGraphics.framework; sourceTree = SDKROOT; };
		52DD8DD9194F539A0027F612 /* UIKit.framework */ = {isa = PBXFileReference; lastKnownFileType = wrapper.framework; name = UIKit.framework; path = System/Library/Frameworks/UIKit.framework; sourceTree = SDKROOT; };
		52DD8DDD194F539A0027F612 /* UITableViewController Challenge Solution-Info.plist */ = {isa = PBXFileReference; lastKnownFileType = text.plist.xml; path = "UITableViewController Challenge Solution-Info.plist"; sourceTree = "<group>"; };
		52DD8DDF194F539A0027F612 /* en */ = {isa = PBXFileReference; lastKnownFileType = text.plist.strings; name = en; path = en.lproj/InfoPlist.strings; sourceTree = "<group>"; };
		52DD8DE1194F539A0027F612 /* main.m */ = {isa = PBXFileReference; lastKnownFileType = sourcecode.c.objc; path = main.m; sourceTree = "<group>"; };
		52DD8DE3194F539A0027F612 /* UITableViewController Challenge Solution-Prefix.pch */ = {isa = PBXFileReference; lastKnownFileType = sourcecode.c.h; path = "UITableViewController Challenge Solution-Prefix.pch"; sourceTree = "<group>"; };
		52DD8DE4194F539A0027F612 /* CSAppDelegate.h */ = {isa = PBXFileReference; lastKnownFileType = sourcecode.c.h; path = CSAppDelegate.h; sourceTree = "<group>"; };
		52DD8DE5194F539A0027F612 /* CSAppDelegate.m */ = {isa = PBXFileReference; lastKnownFileType = sourcecode.c.objc; path = CSAppDelegate.m; sourceTree = "<group>"; };
		52DD8DE8194F539A0027F612 /* Base */ = {isa = PBXFileReference; lastKnownFileType = file.storyboard; name = Base; path = Base.lproj/Main.storyboard; sourceTree = "<group>"; };
		52DD8DEA194F539A0027F612 /* CSViewController.h */ = {isa = PBXFileReference; lastKnownFileType = sourcecode.c.h; path = CSViewController.h; sourceTree = "<group>"; };
		52DD8DEB194F539A0027F612 /* CSViewController.m */ = {isa = PBXFileReference; lastKnownFileType = sourcecode.c.objc; path = CSViewController.m; sourceTree = "<group>"; };
		52DD8DED194F539A0027F612 /* Images.xcassets */ = {isa = PBXFileReference; lastKnownFileType = folder.assetcatalog; path = Images.xcassets; sourceTree = "<group>"; };
		52DD8DF3194F539A0027F612 /* UITableViewController Challenge SolutionTests.xctest */ = {isa = PBXFileReference; explicitFileType = wrapper.cfbundle; includeInIndex = 0; path = "UITableViewController Challenge SolutionTests.xctest"; sourceTree = BUILT_PRODUCTS_DIR; };
		52DD8DF4194F539A0027F612 /* XCTest.framework */ = {isa = PBXFileReference; lastKnownFileType = wrapper.framework; name = XCTest.framework; path = Library/Frameworks/XCTest.framework; sourceTree = DEVELOPER_DIR; };
		52DD8DFC194F539A0027F612 /* UITableViewController Challenge SolutionTests-Info.plist */ = {isa = PBXFileReference; lastKnownFileType = text.plist.xml; path = "UITableViewController Challenge SolutionTests-Info.plist"; sourceTree = "<group>"; };
		52DD8DFE194F539A0027F612 /* en */ = {isa = PBXFileReference; lastKnownFileType = text.plist.strings; name = en; path = en.lproj/InfoPlist.strings; sourceTree = "<group>"; };
		52DD8E00194F539A0027F612 /* UITableViewController_Challenge_SolutionTests.m */ = {isa = PBXFileReference; lastKnownFileType = sourcecode.c.objc; path = UITableViewController_Challenge_SolutionTests.m; sourceTree = "<group>"; };
/* End PBXFileReference section */

/* Begin PBXFrameworksBuildPhase section */
		52DD8DCF194F539A0027F612 /* Frameworks */ = {
			isa = PBXFrameworksBuildPhase;
			buildActionMask = 2147483647;
			files = (
				52DD8DD8194F539A0027F612 /* CoreGraphics.framework in Frameworks */,
				52DD8DDA194F539A0027F612 /* UIKit.framework in Frameworks */,
				52DD8DD6194F539A0027F612 /* Foundation.framework in Frameworks */,
			);
			runOnlyForDeploymentPostprocessing = 0;
		};
		52DD8DF0194F539A0027F612 /* Frameworks */ = {
			isa = PBXFrameworksBuildPhase;
			buildActionMask = 2147483647;
			files = (
				52DD8DF5194F539A0027F612 /* XCTest.framework in Frameworks */,
				52DD8DF7194F539A0027F612 /* UIKit.framework in Frameworks */,
				52DD8DF6194F539A0027F612 /* Foundation.framework in Frameworks */,
			);
			runOnlyForDeploymentPostprocessing = 0;
		};
/* End PBXFrameworksBuildPhase section */

/* Begin PBXGroup section */
		52DD8DC9194F539A0027F612 = {
			isa = PBXGroup;
			children = (
				52DD8DDB194F539A0027F612 /* UITableViewController Challenge Solution */,
				52DD8DFA194F539A0027F612 /* UITableViewController Challenge SolutionTests */,
				52DD8DD4194F539A0027F612 /* Frameworks */,
				52DD8DD3194F539A0027F612 /* Products */,
			);
			sourceTree = "<group>";
		};
		52DD8DD3194F539A0027F612 /* Products */ = {
			isa = PBXGroup;
			children = (
				52DD8DD2194F539A0027F612 /* UITableViewController Challenge Solution.app */,
				52DD8DF3194F539A0027F612 /* UITableViewController Challenge SolutionTests.xctest */,
			);
			name = Products;
			sourceTree = "<group>";
		};
		52DD8DD4194F539A0027F612 /* Frameworks */ = {
			isa = PBXGroup;
			children = (
				52DD8DD5194F539A0027F612 /* Foundation.framework */,
				52DD8DD7194F539A0027F612 /* CoreGraphics.framework */,
				52DD8DD9194F539A0027F612 /* UIKit.framework */,
				52DD8DF4194F539A0027F612 /* XCTest.framework */,
			);
			name = Frameworks;
			sourceTree = "<group>";
		};
		52DD8DDB194F539A0027F612 /* UITableViewController Challenge Solution */ = {
			isa = PBXGroup;
			children = (
				52DD8DE4194F539A0027F612 /* CSAppDelegate.h */,
				52DD8DE5194F539A0027F612 /* CSAppDelegate.m */,
				52DD8DE7194F539A0027F612 /* Main.storyboard */,
				52DD8DEA194F539A0027F612 /* CSViewController.h */,
				52DD8DEB194F539A0027F612 /* CSViewController.m */,
				52DD8DED194F539A0027F612 /* Images.xcassets */,
				52DD8DDC194F539A0027F612 /* Supporting Files */,
			);
			path = "UITableViewController Challenge Solution";
			sourceTree = "<group>";
		};
		52DD8DDC194F539A0027F612 /* Supporting Files */ = {
			isa = PBXGroup;
			children = (
				52DD8DDD194F539A0027F612 /* UITableViewController Challenge Solution-Info.plist */,
				52DD8DDE194F539A0027F612 /* InfoPlist.strings */,
				52DD8DE1194F539A0027F612 /* main.m */,
				52DD8DE3194F539A0027F612 /* UITableViewController Challenge Solution-Prefix.pch */,
			);
			name = "Supporting Files";
			sourceTree = "<group>";
		};
		52DD8DFA194F539A0027F612 /* UITableViewController Challenge SolutionTests */ = {
			isa = PBXGroup;
			children = (
				52DD8E00194F539A0027F612 /* UITableViewController_Challenge_SolutionTests.m */,
				52DD8DFB194F539A0027F612 /* Supporting Files */,
			);
			path = "UITableViewController Challenge SolutionTests";
			sourceTree = "<group>";
		};
		52DD8DFB194F539A0027F612 /* Supporting Files */ = {
			isa = PBXGroup;
			children = (
				52DD8DFC194F539A0027F612 /* UITableViewController Challenge SolutionTests-Info.plist */,
				52DD8DFD194F539A0027F612 /* InfoPlist.strings */,
			);
			name = "Supporting Files";
			sourceTree = "<group>";
		};
/* End PBXGroup section */

/* Begin PBXNativeTarget section */
		52DD8DD1194F539A0027F612 /* UITableViewController Challenge Solution */ = {
			isa = PBXNativeTarget;
			buildConfigurationList = 52DD8E04194F539A0027F612 /* Build configuration list for PBXNativeTarget "UITableViewController Challenge Solution" */;
			buildPhases = (
				52DD8DCE194F539A0027F612 /* Sources */,
				52DD8DCF194F539A0027F612 /* Frameworks */,
				52DD8DD0194F539A0027F612 /* Resources */,
			);
			buildRules = (
			);
			dependencies = (
			);
			name = "UITableViewController Challenge Solution";
			productName = "UITableViewController Challenge Solution";
			productReference = 52DD8DD2194F539A0027F612 /* UITableViewController Challenge Solution.app */;
			productType = "com.apple.product-type.application";
		};
		52DD8DF2194F539A0027F612 /* UITableViewController Challenge SolutionTests */ = {
			isa = PBXNativeTarget;
			buildConfigurationList = 52DD8E07194F539A0027F612 /* Build configuration list for PBXNativeTarget "UITableViewController Challenge SolutionTests" */;
			buildPhases = (
				52DD8DEF194F539A0027F612 /* Sources */,
				52DD8DF0194F539A0027F612 /* Frameworks */,
				52DD8DF1194F539A0027F612 /* Resources */,
			);
			buildRules = (
			);
			dependencies = (
				52DD8DF9194F539A0027F612 /* PBXTargetDependency */,
			);
			name = "UITableViewController Challenge SolutionTests";
			productName = "UITableViewController Challenge SolutionTests";
			productReference = 52DD8DF3194F539A0027F612 /* UITableViewController Challenge SolutionTests.xctest */;
			productType = "com.apple.product-type.bundle.unit-test";
		};
/* End PBXNativeTarget section */

/* Begin PBXProject section */
		52DD8DCA194F539A0027F612 /* Project object */ = {
			isa = PBXProject;
			attributes = {
				CLASSPREFIX = CS;
				LastUpgradeCheck = 0510;
				ORGANIZATIONNAME = Lucidsyntax;
				TargetAttributes = {
					52DD8DF2194F539A0027F612 = {
						TestTargetID = 52DD8DD1194F539A0027F612;
					};
				};
			};
			buildConfigurationList = 52DD8DCD194F539A0027F612 /* Build configuration list for PBXProject "UITableViewController Challenge Solution" */;
			compatibilityVersion = "Xcode 3.2";
			developmentRegion = English;
			hasScannedForEncodings = 0;
			knownRegions = (
				en,
				Base,
			);
			mainGroup = 52DD8DC9194F539A0027F612;
			productRefGroup = 52DD8DD3194F539A0027F612 /* Products */;
			projectDirPath = "";
			projectRoot = "";
			targets = (
				52DD8DD1194F539A0027F612 /* UITableViewController Challenge Solution */,
				52DD8DF2194F539A0027F612 /* UITableViewController Challenge SolutionTests */,
			);
		};
/* End PBXProject section */

/* Begin PBXResourcesBuildPhase section */
		52DD8DD0194F539A0027F612 /* Resources */ = {
			isa = PBXResourcesBuildPhase;
			buildActionMask = 2147483647;
			files = (
				52DD8DEE194F539A0027F612 /* Images.xcassets in Resources */,
				52DD8DE0194F539A0027F612 /* InfoPlist.strings in Resources */,
				52DD8DE9194F539A0027F612 /* Main.storyboard in Resources */,
			);
			runOnlyForDeploymentPostprocessing = 0;
		};
		52DD8DF1194F539A0027F612 /* Resources */ = {
			isa = PBXResourcesBuildPhase;
			buildActionMask = 2147483647;
			files = (
				52DD8DFF194F539A0027F612 /* InfoPlist.strings in Resources */,
			);
			runOnlyForDeploymentPostprocessing = 0;
		};
/* End PBXResourcesBuildPhase section */

/* Begin PBXSourcesBuildPhase section */
		52DD8DCE194F539A0027F612 /* Sources */ = {
			isa = PBXSourcesBuildPhase;
			buildActionMask = 2147483647;
			files = (
				52DD8DE6194F539A0027F612 /* CSAppDelegate.m in Sources */,
				52DD8DE2194F539A0027F612 /* main.m in Sources */,
				52DD8DEC194F539A0027F612 /* CSViewController.m in Sources */,
			);
			runOnlyForDeploymentPostprocessing = 0;
		};
		52DD8DEF194F539A0027F612 /* Sources */ = {
			isa = PBXSourcesBuildPhase;
			buildActionMask = 2147483647;
			files = (
				52DD8E01194F539A0027F612 /* UITableViewController_Challenge_SolutionTests.m in Sources */,
			);
			runOnlyForDeploymentPostprocessing = 0;
		};
/* End PBXSourcesBuildPhase section */

/* Begin PBXTargetDependency section */
		52DD8DF9194F539A0027F612 /* PBXTargetDependency */ = {
			isa = PBXTargetDependency;
			target = 52DD8DD1194F539A0027F612 /* UITableViewController Challenge Solution */;
			targetProxy = 52DD8DF8194F539A0027F612 /* PBXContainerItemProxy */;
		};
/* End PBXTargetDependency section */

/* Begin PBXVariantGroup section */
		52DD8DDE194F539A0027F612 /* InfoPlist.strings */ = {
			isa = PBXVariantGroup;
			children = (
				52DD8DDF194F539A0027F612 /* en */,
			);
			name = InfoPlist.strings;
			sourceTree = "<group>";
		};
		52DD8DE7194F539A0027F612 /* Main.storyboard */ = {
			isa = PBXVariantGroup;
			children = (
				52DD8DE8194F539A0027F612 /* Base */,
			);
			name = Main.storyboard;
			sourceTree = "<group>";
		};
		52DD8DFD194F539A0027F612 /* InfoPlist.strings */ = {
			isa = PBXVariantGroup;
			children = (
				52DD8DFE194F539A0027F612 /* en */,
			);
			name = InfoPlist.strings;
			sourceTree = "<group>";
		};
/* End PBXVariantGroup section */

/* Begin XCBuildConfiguration section */
		52DD8E02194F539A0027F612 /* Debug */ = {
			isa = XCBuildConfiguration;
			buildSettings = {
				ALWAYS_SEARCH_USER_PATHS = NO;
				CLANG_CXX_LANGUAGE_STANDARD = "gnu++0x";
				CLANG_CXX_LIBRARY = "libc++";
				CLANG_ENABLE_MODULES = YES;
				CLANG_ENABLE_OBJC_ARC = YES;
				CLANG_WARN_BOOL_CONVERSION = YES;
				CLANG_WARN_CONSTANT_CONVERSION = YES;
				CLANG_WARN_DIRECT_OBJC_ISA_USAGE = YES_ERROR;
				CLANG_WARN_EMPTY_BODY = YES;
				CLANG_WARN_ENUM_CONVERSION = YES;
				CLANG_WARN_INT_CONVERSION = YES;
				CLANG_WARN_OBJC_ROOT_CLASS = YES_ERROR;
				CLANG_WARN__DUPLICATE_METHOD_MATCH = YES;
				"CODE_SIGN_IDENTITY[sdk=iphoneos*]" = "iPhone Developer";
				COPY_PHASE_STRIP = NO;
				GCC_C_LANGUAGE_STANDARD = gnu99;
				GCC_DYNAMIC_NO_PIC = NO;
				GCC_OPTIMIZATION_LEVEL = 0;
				GCC_PREPROCESSOR_DEFINITIONS = (
					"DEBUG=1",
					"$(inherited)",
				);
				GCC_SYMBOLS_PRIVATE_EXTERN = NO;
				GCC_WARN_64_TO_32_BIT_CONVERSION = YES;
				GCC_WARN_ABOUT_RETURN_TYPE = YES_ERROR;
				GCC_WARN_UNDECLARED_SELECTOR = YES;
				GCC_WARN_UNINITIALIZED_AUTOS = YES_AGGRESSIVE;
				GCC_WARN_UNUSED_FUNCTION = YES;
				GCC_WARN_UNUSED_VARIABLE = YES;
				IPHONEOS_DEPLOYMENT_TARGET = 7.1;
				ONLY_ACTIVE_ARCH = YES;
				SDKROOT = iphoneos;
			};
			name = Debug;
		};
		52DD8E03194F539A0027F612 /* Release */ = {
			isa = XCBuildConfiguration;
			buildSettings = {
				ALWAYS_SEARCH_USER_PATHS = NO;
				CLANG_CXX_LANGUAGE_STANDARD = "gnu++0x";
				CLANG_CXX_LIBRARY = "libc++";
				CLANG_ENABLE_MODULES = YES;
				CLANG_ENABLE_OBJC_ARC = YES;
				CLANG_WARN_BOOL_CONVERSION = YES;
				CLANG_WARN_CONSTANT_CONVERSION = YES;
				CLANG_WARN_DIRECT_OBJC_ISA_USAGE = YES_ERROR;
				CLANG_WARN_EMPTY_BODY = YES;
				CLANG_WARN_ENUM_CONVERSION = YES;
				CLANG_WARN_INT_CONVERSION = YES;
				CLANG_WARN_OBJC_ROOT_CLASS = YES_ERROR;
				CLANG_WARN__DUPLICATE_METHOD_MATCH = YES;
				"CODE_SIGN_IDENTITY[sdk=iphoneos*]" = "iPhone Developer";
				COPY_PHASE_STRIP = YES;
				ENABLE_NS_ASSERTIONS = NO;
				GCC_C_LANGUAGE_STANDARD = gnu99;
				GCC_WARN_64_TO_32_BIT_CONVERSION = YES;
				GCC_WARN_ABOUT_RETURN_TYPE = YES_ERROR;
				GCC_WARN_UNDECLARED_SELECTOR = YES;
				GCC_WARN_UNINITIALIZED_AUTOS = YES_AGGRESSIVE;
				GCC_WARN_UNUSED_FUNCTION = YES;
				GCC_WARN_UNUSED_VARIABLE = YES;
				IPHONEOS_DEPLOYMENT_TARGET = 7.1;
				SDKROOT = iphoneos;
				VALIDATE_PRODUCT = YES;
			};
			name = Release;
		};
		52DD8E05194F539A0027F612 /* Debug */ = {
			isa = XCBuildConfiguration;
			buildSettings = {
				ASSETCATALOG_COMPILER_APPICON_NAME = AppIcon;
				ASSETCATALOG_COMPILER_LAUNCHIMAGE_NAME = LaunchImage;
				GCC_PRECOMPILE_PREFIX_HEADER = YES;
				GCC_PREFIX_HEADER = "UITableViewController Challenge Solution/UITableViewController Challenge Solution-Prefix.pch";
				INFOPLIST_FILE = "UITableViewController Challenge Solution/UITableViewController Challenge Solution-Info.plist";
				PRODUCT_NAME = "$(TARGET_NAME)";
				WRAPPER_EXTENSION = app;
			};
			name = Debug;
		};
		52DD8E06194F539A0027F612 /* Release */ = {
			isa = XCBuildConfiguration;
			buildSettings = {
				ASSETCATALOG_COMPILER_APPICON_NAME = AppIcon;
				ASSETCATALOG_COMPILER_LAUNCHIMAGE_NAME = LaunchImage;
				GCC_PRECOMPILE_PREFIX_HEADER = YES;
				GCC_PREFIX_HEADER = "UITableViewController Challenge Solution/UITableViewController Challenge Solution-Prefix.pch";
				INFOPLIST_FILE = "UITableViewController Challenge Solution/UITableViewController Challenge Solution-Info.plist";
				PRODUCT_NAME = "$(TARGET_NAME)";
				WRAPPER_EXTENSION = app;
			};
			name = Release;
		};
		52DD8E08194F539A0027F612 /* Debug */ = {
			isa = XCBuildConfiguration;
			buildSettings = {
				BUNDLE_LOADER = "$(BUILT_PRODUCTS_DIR)/UITableViewController Challenge Solution.app/UITableViewController Challenge Solution";
				FRAMEWORK_SEARCH_PATHS = (
					"$(SDKROOT)/Developer/Library/Frameworks",
					"$(inherited)",
					"$(DEVELOPER_FRAMEWORKS_DIR)",
				);
				GCC_PRECOMPILE_PREFIX_HEADER = YES;
				GCC_PREFIX_HEADER = "UITableViewController Challenge Solution/UITableViewController Challenge Solution-Prefix.pch";
				GCC_PREPROCESSOR_DEFINITIONS = (
					"DEBUG=1",
					"$(inherited)",
				);
				INFOPLIST_FILE = "UITableViewController Challenge SolutionTests/UITableViewController Challenge SolutionTests-Info.plist";
				PRODUCT_NAME = "$(TARGET_NAME)";
				TEST_HOST = "$(BUNDLE_LOADER)";
				WRAPPER_EXTENSION = xctest;
			};
			name = Debug;
		};
		52DD8E09194F539A0027F612 /* Release */ = {
			isa = XCBuildConfiguration;
			buildSettings = {
				BUNDLE_LOADER = "$(BUILT_PRODUCTS_DIR)/UITableViewController Challenge Solution.app/UITableViewController Challenge Solution";
				FRAMEWORK_SEARCH_PATHS = (
					"$(SDKROOT)/Developer/Library/Frameworks",
					"$(inherited)",
					"$(DEVELOPER_FRAMEWORKS_DIR)",
				);
				GCC_PRECOMPILE_PREFIX_HEADER = YES;
				GCC_PREFIX_HEADER = "UITableViewController Challenge Solution/UITableViewController Challenge Solution-Prefix.pch";
				INFOPLIST_FILE = "UITableViewController Challenge SolutionTests/UITableViewController Challenge SolutionTests-Info.plist";
				PRODUCT_NAME = "$(TARGET_NAME)";
				TEST_HOST = "$(BUNDLE_LOADER)";
				WRAPPER_EXTENSION = xctest;
			};
			name = Release;
		};
/* End XCBuildConfiguration section */

/* Begin XCConfigurationList section */
		52DD8DCD194F539A0027F612 /* Build configuration list for PBXProject "UITableViewController Challenge Solution" */ = {
			isa = XCConfigurationList;
			buildConfigurations = (
				52DD8E02194F539A0027F612 /* Debug */,
				52DD8E03194F539A0027F612 /* Release */,
			);
			defaultConfigurationIsVisible = 0;
			defaultConfigurationName = Release;
		};
		52DD8E04194F539A0027F612 /* Build configuration list for PBXNativeTarget "UITableViewController Challenge Solution" */ = {
			isa = XCConfigurationList;
			buildConfigurations = (
				52DD8E05194F539A0027F612 /* Debug */,
				52DD8E06194F539A0027F612 /* Release */,
			);
			defaultConfigurationIsVisible = 0;
		};
		52DD8E07194F539A0027F612 /* Build configuration list for PBXNativeTarget "UITableViewController Challenge SolutionTests" */ = {
			isa = XCConfigurationList;
			buildConfigurations = (
				52DD8E08194F539A0027F612 /* Debug */,
				52DD8E09194F539A0027F612 /* Release */,
			);
			defaultConfigurationIsVisible = 0;
		};
/* End XCConfigurationList section */
	};
	rootObject = 52DD8DCA194F539A0027F612 /* Project object */;
}
